{
  "name": "RTP",
  "version": "1.0.0",
  "lockfileVersion": 2,
  "requires": true,
  "packages": {
    "": {
      "name": "RTP",
      "version": "1.0.0",
      "license": "ISC",
      "dependencies": {
        "events": "^3.3.0",
        "g7112pcm": "^1.0.0",
        "goertzeljs": "^4.2.3",
        "lamejs": "^1.2.1",
        "node-lame": "^1.3.2",
        "stream": "^0.0.2"
      }
    },
    "node_modules/emitter-component": {
      "version": "1.1.1",
      "resolved": "https://registry.npmjs.org/emitter-component/-/emitter-component-1.1.1.tgz",
      "integrity": "sha512-G+mpdiAySMuB7kesVRLuyvYRqDmshB7ReKEVuyBPkzQlmiDiLrt7hHHIy4Aff552bgknVN7B2/d3lzhGO5dvpQ=="
    },
    "node_modules/events": {
      "version": "3.3.0",
      "resolved": "https://registry.npmjs.org/events/-/events-3.3.0.tgz",
      "integrity": "sha512-mQw+2fkQbALzQ7V0MY0IqdnXNOeTtP4r0lN9z7AAawCXgqea7bDii20AYrIBrFd/Hx0M2Ocz6S111CaFkUcb0Q==",
      "engines": {
        "node": ">=0.8.x"
      }
    },
    "node_modules/g7112pcm": {
      "version": "1.0.0",
      "resolved": "https://registry.npmjs.org/g7112pcm/-/g7112pcm-1.0.0.tgz",
      "integrity": "sha512-Tgo1Q9MOdesziWJvxxHUOVe87SPYvq3qNeO6wRbkgA12gCiUaFdqeEq0rRLaET8Aa8eOm0SEb2q4h3nnz+Ql6A=="
    },
    "node_modules/goertzeljs": {
      "version": "4.2.3",
      "resolved": "https://registry.npmjs.org/goertzeljs/-/goertzeljs-4.2.3.tgz",
      "integrity": "sha512-V3l8jwa6ErzIh+FWA+Oj4VtrqFx7iuVvoFGGG1Dl087tzG4iHp82dlPRwh24mx/K57WLad8T1EKcBR9QUeKcuQ=="
    },
    "node_modules/lamejs": {
      "version": "1.2.1",
      "resolved": "https://registry.npmjs.org/lamejs/-/lamejs-1.2.1.tgz",
      "integrity": "sha512-s7bxvjvYthw6oPLCm5pFxvA84wUROODB8jEO2+CE1adhKgrIvVOlmMgY8zyugxGrvRaDHNJanOiS21/emty6dQ==",
      "dependencies": {
        "use-strict": "1.0.1"
      }
    },
    "node_modules/node-lame": {
      "version": "1.3.2",
      "resolved": "https://registry.npmjs.org/node-lame/-/node-lame-1.3.2.tgz",
      "integrity": "sha512-JMt41by8N8ga4wRcLNtURbKWtktsRO8gHG0QLkIZ4Xjf8jCU3X3nvYzrXZbdLqQUPT27Wi9Fb5VqZUU1qQN1zg==",
      "engines": {
        "node": ">=12.20"
      }
    },
    "node_modules/stream": {
      "version": "0.0.2",
      "resolved": "https://registry.npmjs.org/stream/-/stream-0.0.2.tgz",
      "integrity": "sha512-gCq3NDI2P35B2n6t76YJuOp7d6cN/C7Rt0577l91wllh0sY9ZBuw9KaSGqH/b0hzn3CWWJbpbW0W0WvQ1H/Q7g==",
      "dependencies": {
        "emitter-component": "^1.1.1"
      }
    },
    "node_modules/use-strict": {
      "version": "1.0.1",
      "resolved": "https://registry.npmjs.org/use-strict/-/use-strict-1.0.1.tgz",
      "integrity": "sha512-IeiWvvEXfW5ltKVMkxq6FvNf2LojMKvB2OCeja6+ct24S1XOmQw2dGr2JyndwACWAGJva9B7yPHwAmeA9QCqAQ=="
    }
  },
  "dependencies": {
    "emitter-component": {
      "version": "1.1.1",
      "resolved": "https://registry.npmjs.org/emitter-component/-/emitter-component-1.1.1.tgz",
      "integrity": "sha512-G+mpdiAySMuB7kesVRLuyvYRqDmshB7ReKEVuyBPkzQlmiDiLrt7hHHIy4Aff552bgknVN7B2/d3lzhGO5dvpQ=="
    },
    "events": {
      "version": "3.3.0",
      "resolved": "https://registry.npmjs.org/events/-/events-3.3.0.tgz",
      "integrity": "sha512-mQw+2fkQbALzQ7V0MY0IqdnXNOeTtP4r0lN9z7AAawCXgqea7bDii20AYrIBrFd/Hx0M2Ocz6S111CaFkUcb0Q=="
    },
    "g7112pcm": {
      "version": "1.0.0",
      "resolved": "https://registry.npmjs.org/g7112pcm/-/g7112pcm-1.0.0.tgz",
      "integrity": "sha512-Tgo1Q9MOdesziWJvxxHUOVe87SPYvq3qNeO6wRbkgA12gCiUaFdqeEq0rRLaET8Aa8eOm0SEb2q4h3nnz+Ql6A=="
    },
    "goertzeljs": {
      "version": "4.2.3",
      "resolved": "https://registry.npmjs.org/goertzeljs/-/goertzeljs-4.2.3.tgz",
      "integrity": "sha512-V3l8jwa6ErzIh+FWA+Oj4VtrqFx7iuVvoFGGG1Dl087tzG4iHp82dlPRwh24mx/K57WLad8T1EKcBR9QUeKcuQ=="
    },
    "lamejs": {
      "version": "1.2.1",
      "resolved": "https://registry.npmjs.org/lamejs/-/lamejs-1.2.1.tgz",
      "integrity": "sha512-s7bxvjvYthw6oPLCm5pFxvA84wUROODB8jEO2+CE1adhKgrIvVOlmMgY8zyugxGrvRaDHNJanOiS21/emty6dQ==",
      "requires": {
        "use-strict": "1.0.1"
      }
    },
    "node-lame": {
      "version": "1.3.2",
      "resolved": "https://registry.npmjs.org/node-lame/-/node-lame-1.3.2.tgz",
      "integrity": "sha512-JMt41by8N8ga4wRcLNtURbKWtktsRO8gHG0QLkIZ4Xjf8jCU3X3nvYzrXZbdLqQUPT27Wi9Fb5VqZUU1qQN1zg=="
    },
    "stream": {
      "version": "0.0.2",
      "resolved": "https://registry.npmjs.org/stream/-/stream-0.0.2.tgz",
      "integrity": "sha512-gCq3NDI2P35B2n6t76YJuOp7d6cN/C7Rt0577l91wllh0sY9ZBuw9KaSGqH/b0hzn3CWWJbpbW0W0WvQ1H/Q7g==",
      "requires": {
        "emitter-component": "^1.1.1"
      }
    },
    "use-strict": {
      "version": "1.0.1",
      "resolved": "https://registry.npmjs.org/use-strict/-/use-strict-1.0.1.tgz",
      "integrity": "sha512-IeiWvvEXfW5ltKVMkxq6FvNf2LojMKvB2OCeja6+ct24S1XOmQw2dGr2JyndwACWAGJva9B7yPHwAmeA9QCqAQ=="
    }
  }
}
